%{
  "castore": {:hex, :castore, "1.0.18", "5e43ef0ec7d31195dfa5a65a86e6131db999d074179d2ba5a8de11fe14570f55", [:mix], [], "hexpm", "f393e4fe6317829b158fb74d86eb681f737d2fe326aa61ccf6293c4104957e34"},
  "exclosured": {:hex, :exclosured, "0.1.1", "18142bc5aaba67c51acec9a14b05973ef50dcd8d9b3d20ed7fa32eab82067974", [:mix], [{:jason, "~> 1.0", [hex: :jason, repo: "hexpm", optional: true]}, {:phoenix, "~> 1.7", [hex: :phoenix, repo: "hexpm", optional: true]}, {:phoenix_live_view, "~> 1.0", [hex: :phoenix_live_view, repo: "hexpm", optional: true]}, {:telemetry, "~> 1.0", [hex: :telemetry, repo: "hexpm", optional: false]}], "hexpm", "af5bdd2e29afa76763c8a586e116b36e883c33a22b14d264cc3e75404f0d192d"},
  "exclosured_precompiled": {:hex, :exclosured_precompiled, "0.1.0", "9eb25a8bd092053286163477e6445a63c517d393585a995e02d6a5aa47f3a7bf", [:mix], [{:castore, "~> 0.1 or ~> 1.0", [hex: :castore, repo: "hexpm", optional: false]}], "hexpm", "61f23a0aaef47ef78e1bfec27e3bed79a50ea34ef01571d8eb09b73afa20e34a"},
  "telemetry": {:hex, :telemetry, "1.4.1", "ab6de178e2b29b58e8256b92b382ea3f590a47152ca3651ea857a6cae05ac423", [:rebar3], [], "hexpm", "2172e05a27531d3d31dd9782841065c50dd5c3c7699d95266b2edd54c2dafa1c"},
}
